{
  "name": "vertx-es-app",
  "version": "1.0.0",
  "lockfileVersion": 1,
  "requires": true,
  "dependencies": {
    "@vertx/auth-common": {
      "version": "3.6.2",
      "resolved": "http://registry.npm.taobao.org/@vertx/auth-common/download/@vertx/auth-common-3.6.2.tgz",
      "integrity": "sha1-DponAIaXeZ6NRZknm1tUmpFePzo=",
      "requires": {
        "@vertx/core": "3.6.2"
      }
    },
    "@vertx/bridge-common": {
      "version": "3.6.2",
      "resolved": "http://registry.npm.taobao.org/@vertx/bridge-common/download/@vertx/bridge-common-3.6.2.tgz",
      "integrity": "sha1-KLytN8Mbc170GpYKafkC78qup2g=",
      "requires": {
        "@vertx/core": "3.6.2"
      }
    },
    "@vertx/core": {
      "version": "3.6.2",
      "resolved": "http://registry.npm.taobao.org/@vertx/core/download/@vertx/core-3.6.2.tgz",
      "integrity": "sha1-CvyoSUFw3VVmbxPK+OcnCokORD0="
    },
    "@vertx/unit": {
      "version": "3.6.2",
      "resolved": "http://registry.npm.taobao.org/@vertx/unit/download/@vertx/unit-3.6.2.tgz",
      "integrity": "sha1-ezMYs1+0YDHg9B61rsio9f9OQ3M=",
      "dev": true,
      "requires": {
        "@vertx/core": "3.6.2"
      }
    },
    "@vertx/web": {
      "version": "3.6.2",
      "resolved": "http://registry.npm.taobao.org/@vertx/web/download/@vertx/web-3.6.2.tgz",
      "integrity": "sha1-SaMds6BFSEk3/28i46ZnJd2IT8s=",
      "requires": {
        "@vertx/auth-common": "3.6.2",
        "@vertx/bridge-common": "3.6.2",
        "@vertx/core": "3.6.2",
        "@vertx/web-common": "3.6.2"
      }
    },
    "@vertx/web-common": {
      "version": "3.6.2",
      "resolved": "http://registry.npm.taobao.org/@vertx/web-common/download/@vertx/web-common-3.6.2.tgz",
      "integrity": "sha1-qejA5Mqy78oKHUferZLerD+aRsw=",
      "requires": {
        "@vertx/core": "3.6.2"
      }
    },
    "ansi-colors": {
      "version": "3.2.3",
      "resolved": "http://registry.npm.taobao.org/ansi-colors/download/ansi-colors-3.2.3.tgz",
      "integrity": "sha1-V9NbhoboUeLMBMQD8cACA5dqGBM=",
      "dev": true
    },
    "commander": {
      "version": "2.19.0",
      "resolved": "http://registry.npm.taobao.org/commander/download/commander-2.19.0.tgz",
      "integrity": "sha1-9hmKqE5bg8RgVLlN3tv+1e6f8So=",
      "dev": true
    },
    "es4x-cli": {
      "version": "0.1.1",
      "resolved": "http://registry.npm.taobao.org/es4x-cli/download/es4x-cli-0.1.1.tgz",
      "integrity": "sha1-5QXTsdw1z6l2fgaoLwQ9v+4IOPs=",
      "dev": true,
      "requires": {
        "ansi-colors": "^3.2.1",
        "commander": "^2.19.0",
        "mustache": "^3.0.1"
      }
    },
    "mustache": {
      "version": "3.0.1",
      "resolved": "http://registry.npm.taobao.org/mustache/download/mustache-3.0.1.tgz",
      "integrity": "sha1-hzhV8jqoqVsVD7ltmDbtvFodJIo=",
      "dev": true
    }
  }
}
